
Microsoft Visual Studio Solution File, Format Version 12.00
# Visual Studio Version 17
VisualStudioVersion = 17.5.002.0
MinimumVisualStudioVersion = 10.0.40219.1
Project("{9A19103F-16F7-4668-BE54-9A1E7A4F7556}") = "RestHandler", "RestHandler.csproj", "{190112E1-73C8-4EFF-BBDA-F1057B3DD809}"
EndProject
Global
	GlobalSection(SolutionConfigurationPlatforms) = preSolution
		Debug|Any CPU = Debug|Any CPU
		Release|Any CPU = Release|Any CPU
	EndGlobalSection
	GlobalSection(ProjectConfigurationPlatforms) = postSolution
		{190112E1-73C8-4EFF-BBDA-F1057B3DD809}.Debug|Any CPU.ActiveCfg = Debug|Any CPU
		{190112E1-73C8-4EFF-BBDA-F1057B3DD809}.Debug|Any CPU.Build.0 = Debug|Any CPU
		{190112E1-73C8-4EFF-BBDA-F1057B3DD809}.Release|Any CPU.ActiveCfg = Release|Any CPU
		{190112E1-73C8-4EFF-BBDA-F1057B3DD809}.Release|Any CPU.Build.0 = Release|Any CPU
	EndGlobalSection
	GlobalSection(SolutionProperties) = preSolution
		HideSolutionNode = FALSE
	EndGlobalSection
	GlobalSection(ExtensibilityGlobals) = postSolution
		SolutionGuid = {D76EF0AA-CC77-48E3-814E-3EED628B3F50}
	EndGlobalSection
EndGlobal
